// !$*UTF8*$!
{
	archiveVersion = 1;
	classes = {
	};
	objectVersion = 50;
	objects = {

/* Begin PBXBuildFile section */
		602DD344222F59CE002AD21A /* AppDelegate.swift in Sources */ = {isa = PBXBuildFile; fileRef = 602DD343222F59CE002AD21A /* AppDelegate.swift */; };
		602DD346222F59CE002AD21A /* ViewController.swift in Sources */ = {isa = PBXBuildFile; fileRef = 602DD345222F59CE002AD21A /* ViewController.swift */; };
		602DD349222F59CE002AD21A /* Main.storyboard in Resources */ = {isa = PBXBuildFile; fileRef = 602DD347222F59CE002AD21A /* Main.storyboard */; };
		602DD34B222F59CF002AD21A /* Assets.xcassets in Resources */ = {isa = PBXBuildFile; fileRef = 602DD34A222F59CF002AD21A /* Assets.xcassets */; };
		602DD34E222F59CF002AD21A /* LaunchScreen.storyboard in Resources */ = {isa = PBXBuildFile; fileRef = 602DD34C222F59CF002AD21A /* LaunchScreen.storyboard */; };
		602DD359222F59CF002AD21A /* df_app_HW1Tests.swift in Sources */ = {isa = PBXBuildFile; fileRef = 602DD358222F59CF002AD21A /* df_app_HW1Tests.swift */; };
		602DD364222F59CF002AD21A /* df_app_HW1UITests.swift in Sources */ = {isa = PBXBuildFile; fileRef = 602DD363222F59CF002AD21A /* df_app_HW1UITests.swift */; };
		6033CE38223A206F00100A6B /* weekTop.storyboard in Resources */ = {isa = PBXBuildFile; fileRef = 6033CE36223A206F00100A6B /* weekTop.storyboard */; };
/* End PBXBuildFile section */

/* Begin PBXContainerItemProxy section */
		602DD355222F59CF002AD21A /* PBXContainerItemProxy */ = {
			isa = PBXContainerItemProxy;
			containerPortal = 602DD338222F59CE002AD21A /* Project object */;
			proxyType = 1;
			remoteGlobalIDString = 602DD33F222F59CE002AD21A;
			remoteInfo = df_app_HW1;
		};
		602DD360222F59CF002AD21A /* PBXContainerItemProxy */ = {
			isa = PBXContainerItemProxy;
			containerPortal = 602DD338222F59CE002AD21A /* Project object */;
			proxyType = 1;
			remoteGlobalIDString = 602DD33F222F59CE002AD21A;
			remoteInfo = df_app_HW1;
		};
/* End PBXContainerItemProxy section */

/* Begin PBXFileReference section */
		602DD340222F59CE002AD21A /* df_app_HW1.app */ = {isa = PBXFileReference; explicitFileType = wrapper.application; includeInIndex = 0; path = df_app_HW1.app; sourceTree = BUILT_PRODUCTS_DIR; };
		602DD343222F59CE002AD21A /* AppDelegate.swift */ = {isa = PBXFileReference; lastKnownFileType = sourcecode.swift; path = AppDelegate.swift; sourceTree = "<group>"; };
		602DD345222F59CE002AD21A /* ViewController.swift */ = {isa = PBXFileReference; lastKnownFileType = sourcecode.swift; path = ViewController.swift; sourceTree = "<group>"; };
		602DD348222F59CE002AD21A /* Base */ = {isa = PBXFileReference; lastKnownFileType = file.storyboard; name = Base; path = Base.lproj/Main.storyboard; sourceTree = "<group>"; };
		602DD34A222F59CF002AD21A /* Assets.xcassets */ = {isa = PBXFileReference; lastKnownFileType = folder.assetcatalog; path = Assets.xcassets; sourceTree = "<group>"; };
		602DD34D222F59CF002AD21A /* Base */ = {isa = PBXFileReference; lastKnownFileType = file.storyboard; name = Base; path = Base.lproj/LaunchScreen.storyboard; sourceTree = "<group>"; };
		602DD34F222F59CF002AD21A /* Info.plist */ = {isa = PBXFileReference; lastKnownFileType = text.plist.xml; path = Info.plist; sourceTree = "<group>"; };
		602DD354222F59CF002AD21A /* df_app_HW1Tests.xctest */ = {isa = PBXFileReference; explicitFileType = wrapper.cfbundle; includeInIndex = 0; path = df_app_HW1Tests.xctest; sourceTree = BUILT_PRODUCTS_DIR; };
		602DD358222F59CF002AD21A /* df_app_HW1Tests.swift */ = {isa = PBXFileReference; lastKnownFileType = sourcecode.swift; path = df_app_HW1Tests.swift; sourceTree = "<group>"; };
		602DD35A222F59CF002AD21A /* Info.plist */ = {isa = PBXFileReference; lastKnownFileType = text.plist.xml; path = Info.plist; sourceTree = "<group>"; };
		602DD35F222F59CF002AD21A /* df_app_HW1UITests.xctest */ = {isa = PBXFileReference; explicitFileType = wrapper.cfbundle; includeInIndex = 0; path = df_app_HW1UITests.xctest; sourceTree = BUILT_PRODUCTS_DIR; };
		602DD363222F59CF002AD21A /* df_app_HW1UITests.swift */ = {isa = PBXFileReference; lastKnownFileType = sourcecode.swift; path = df_app_HW1UITests.swift; sourceTree = "<group>"; };
		602DD365222F59CF002AD21A /* Info.plist */ = {isa = PBXFileReference; lastKnownFileType = text.plist.xml; path = Info.plist; sourceTree = "<group>"; };
		6033CE37223A206F00100A6B /* Base */ = {isa = PBXFileReference; lastKnownFileType = file.storyboard; name = Base; path = df_app_HW1/Base.lproj/weekTop.storyboard; sourceTree = "<group>"; };
/* End PBXFileReference section */

/* Begin PBXFrameworksBuildPhase section */
		602DD33D222F59CE002AD21A /* Frameworks */ = {
			isa = PBXFrameworksBuildPhase;
			buildActionMask = 2147483647;
			files = (
			);
			runOnlyForDeploymentPostprocessing = 0;
		};
		602DD351222F59CF002AD21A /* Frameworks */ = {
			isa = PBXFrameworksBuildPhase;
			buildActionMask = 2147483647;
			files = (
			);
			runOnlyForDeploymentPostprocessing = 0;
		};
		602DD35C222F59CF002AD21A /* Frameworks */ = {
			isa = PBXFrameworksBuildPhase;
			buildActionMask = 2147483647;
			files = (
			);
			runOnlyForDeploymentPostprocessing = 0;
		};
/* End PBXFrameworksBuildPhase section */

/* Begin PBXGroup section */
		602DD337222F59CE002AD21A = {
			isa = PBXGroup;
			children = (
				602DD342222F59CE002AD21A /* df_app_HW1 */,
				602DD357222F59CF002AD21A /* df_app_HW1Tests */,
				602DD362222F59CF002AD21A /* df_app_HW1UITests */,
				602DD341222F59CE002AD21A /* Products */,
			);
			sourceTree = "<group>";
		};
		602DD341222F59CE002AD21A /* Products */ = {
			isa = PBXGroup;
			children = (
				602DD340222F59CE002AD21A /* df_app_HW1.app */,
				602DD354222F59CF002AD21A /* df_app_HW1Tests.xctest */,
				602DD35F222F59CF002AD21A /* df_app_HW1UITests.xctest */,
			);
			name = Products;
			sourceTree = "<group>";
		};
		602DD342222F59CE002AD21A /* df_app_HW1 */ = {
			isa = PBXGroup;
			children = (
				6033CE36223A206F00100A6B /* weekTop.storyboard */,
				602DD343222F59CE002AD21A /* AppDelegate.swift */,
				602DD345222F59CE002AD21A /* ViewController.swift */,
				602DD347222F59CE002AD21A /* Main.storyboard */,
				602DD34A222F59CF002AD21A /* Assets.xcassets */,
				602DD34C222F59CF002AD21A /* LaunchScreen.storyboard */,
				602DD34F222F59CF002AD21A /* Info.plist */,
			);
			path = df_app_HW1;
			sourceTree = "<group>";
		};
		602DD357222F59CF002AD21A /* df_app_HW1Tests */ = {
			isa = PBXGroup;
			children = (
				602DD358222F59CF002AD21A /* df_app_HW1Tests.swift */,
				602DD35A222F59CF002AD21A /* Info.plist */,
			);
			path = df_app_HW1Tests;
			sourceTree = "<group>";
		};
		602DD362222F59CF002AD21A /* df_app_HW1UITests */ = {
			isa = PBXGroup;
			children = (
				602DD363222F59CF002AD21A /* df_app_HW1UITests.swift */,
				602DD365222F59CF002AD21A /* Info.plist */,
			);
			path = df_app_HW1UITests;
			sourceTree = "<group>";
		};
/* End PBXGroup section */

/* Begin PBXNativeTarget section */
		602DD33F222F59CE002AD21A /* df_app_HW1 */ = {
			isa = PBXNativeTarget;
			buildConfigurationList = 602DD368222F59CF002AD21A /* Build configuration list for PBXNativeTarget "df_app_HW1" */;
			buildPhases = (
				602DD33C222F59CE002AD21A /* Sources */,
				602DD33D222F59CE002AD21A /* Frameworks */,
				602DD33E222F59CE002AD21A /* Resources */,
			);
			buildRules = (
			);
			dependencies = (
			);
			name = df_app_HW1;
			productName = df_app_HW1;
			productReference = 602DD340222F59CE002AD21A /* df_app_HW1.app */;
			productType = "com.apple.product-type.application";
		};
		602DD353222F59CF002AD21A /* df_app_HW1Tests */ = {
			isa = PBXNativeTarget;
			buildConfigurationList = 602DD36B222F59CF002AD21A /* Build configuration list for PBXNativeTarget "df_app_HW1Tests" */;
			buildPhases = (
				602DD350222F59CF002AD21A /* Sources */,
				602DD351222F59CF002AD21A /* Frameworks */,
				602DD352222F59CF002AD21A /* Resources */,
			);
			buildRules = (
			);
			dependencies = (
				602DD356222F59CF002AD21A /* PBXTargetDependency */,
			);
			name = df_app_HW1Tests;
			productName = df_app_HW1Tests;
			productReference = 602DD354222F59CF002AD21A /* df_app_HW1Tests.xctest */;
			productType = "com.apple.product-type.bundle.unit-test";
		};
		602DD35E222F59CF002AD21A /* df_app_HW1UITests */ = {
			isa = PBXNativeTarget;
			buildConfigurationList = 602DD36E222F59CF002AD21A /* Build configuration list for PBXNativeTarget "df_app_HW1UITests" */;
			buildPhases = (
				602DD35B222F59CF002AD21A /* Sources */,
				602DD35C222F59CF002AD21A /* Frameworks */,
				602DD35D222F59CF002AD21A /* Resources */,
			);
			buildRules = (
			);
			dependencies = (
				602DD361222F59CF002AD21A /* PBXTargetDependency */,
			);
			name = df_app_HW1UITests;
			productName = df_app_HW1UITests;
			productReference = 602DD35F222F59CF002AD21A /* df_app_HW1UITests.xctest */;
			productType = "com.apple.product-type.bundle.ui-testing";
		};
/* End PBXNativeTarget section */

/* Begin PBXProject section */
		602DD338222F59CE002AD21A /* Project object */ = {
			isa = PBXProject;
			attributes = {
				LastSwiftUpdateCheck = 1020;
				LastUpgradeCheck = 1020;
				ORGANIZATIONNAME = "Chu Fei";
				TargetAttributes = {
					602DD33F222F59CE002AD21A = {
						CreatedOnToolsVersion = 10.2;
					};
					602DD353222F59CF002AD21A = {
						CreatedOnToolsVersion = 10.2;
						TestTargetID = 602DD33F222F59CE002AD21A;
					};
					602DD35E222F59CF002AD21A = {
						CreatedOnToolsVersion = 10.2;
						TestTargetID = 602DD33F222F59CE002AD21A;
					};
				};
			};
			buildConfigurationList = 602DD33B222F59CE002AD21A /* Build configuration list for PBXProject "df_app_HW1" */;
			compatibilityVersion = "Xcode 9.3";
			developmentRegion = en;
			hasScannedForEncodings = 0;
			knownRegions = (
				en,
				Base,
			);
			mainGroup = 602DD337222F59CE002AD21A;
			productRefGroup = 602DD341222F59CE002AD21A /* Products */;
			projectDirPath = "";
			projectRoot = "";
			targets = (
				602DD33F222F59CE002AD21A /* df_app_HW1 */,
				602DD353222F59CF002AD21A /* df_app_HW1Tests */,
				602DD35E222F59CF002AD21A /* df_app_HW1UITests */,
			);
		};
/* End PBXProject section */

/* Begin PBXResourcesBuildPhase section */
		602DD33E222F59CE002AD21A /* Resources */ = {
			isa = PBXResourcesBuildPhase;
			buildActionMask = 2147483647;
			files = (
				6033CE38223A206F00100A6B /* weekTop.storyboard in Resources */,
				602DD34E222F59CF002AD21A /* LaunchScreen.storyboard in Resources */,
				602DD34B222F59CF002AD21A /* Assets.xcassets in Resources */,
				602DD349222F59CE002AD21A /* Main.storyboard in Resources */,
			);
			runOnlyForDeploymentPostprocessing = 0;
		};
		602DD352222F59CF002AD21A /* Resources */ = {
			isa = PBXResourcesBuildPhase;
			buildActionMask = 2147483647;
			files = (
			);
			runOnlyForDeploymentPostprocessing = 0;
		};
		602DD35D222F59CF002AD21A /* Resources */ = {
			isa = PBXResourcesBuildPhase;
			buildActionMask = 2147483647;
			files = (
			);
			runOnlyForDeploymentPostprocessing = 0;
		};
/* End PBXResourcesBuildPhase section */

/* Begin PBXSourcesBuildPhase section */
		602DD33C222F59CE002AD21A /* Sources */ = {
			isa = PBXSourcesBuildPhase;
			buildActionMask = 2147483647;
			files = (
				602DD346222F59CE002AD21A /* ViewController.swift in Sources */,
				602DD344222F59CE002AD21A /* AppDelegate.swift in Sources */,
			);
			runOnlyForDeploymentPostprocessing = 0;
		};
		602DD350222F59CF002AD21A /* Sources */ = {
			isa = PBXSourcesBuildPhase;
			buildActionMask = 2147483647;
			files = (
				602DD359222F59CF002AD21A /* df_app_HW1Tests.swift in Sources */,
			);
			runOnlyForDeploymentPostprocessing = 0;
		};
		602DD35B222F59CF002AD21A /* Sources */ = {
			isa = PBXSourcesBuildPhase;
			buildActionMask = 2147483647;
			files = (
				602DD364222F59CF002AD21A /* df_app_HW1UITests.swift in Sources */,
			);
			runOnlyForDeploymentPostprocessing = 0;
		};
/* End PBXSourcesBuildPhase section */

/* Begin PBXTargetDependency section */
		602DD356222F59CF002AD21A /* PBXTargetDependency */ = {
			isa = PBXTargetDependency;
			target = 602DD33F222F59CE002AD21A /* df_app_HW1 */;
			targetProxy = 602DD355222F59CF002AD21A /* PBXContainerItemProxy */;
		};
		602DD361222F59CF002AD21A /* PBXTargetDependency */ = {
			isa = PBXTargetDependency;
			target = 602DD33F222F59CE002AD21A /* df_app_HW1 */;
			targetProxy = 602DD360222F59CF002AD21A /* PBXContainerItemProxy */;
		};
/* End PBXTargetDependency section */

/* Begin PBXVariantGroup section */
		602DD347222F59CE002AD21A /* Main.storyboard */ = {
			isa = PBXVariantGroup;
			children = (
				602DD348222F59CE002AD21A /* Base */,
			);
			name = Main.storyboard;
			sourceTree = "<group>";
		};
		602DD34C222F59CF002AD21A /* LaunchScreen.storyboard */ = {
			isa = PBXVariantGroup;
			children = (
				602DD34D222F59CF002AD21A /* Base */,
			);
			name = LaunchScreen.storyboard;
			sourceTree = "<group>";
		};
		6033CE36223A206F00100A6B /* weekTop.storyboard */ = {
			isa = PBXVariantGroup;
			children = (
				6033CE37223A206F00100A6B /* Base */,
			);
			name = weekTop.storyboard;
			sourceTree = "<group>";
		};
/* End PBXVariantGroup section */

/* Begin XCBuildConfiguration section */
		602DD366222F59CF002AD21A /* Debug */ = {
			isa = XCBuildConfiguration;
			buildSettings = {
				ALWAYS_SEARCH_USER_PATHS = NO;
				CLANG_ANALYZER_NONNULL = YES;
				CLANG_ANALYZER_NUMBER_OBJECT_CONVERSION = YES_AGGRESSIVE;
				CLANG_CXX_LANGUAGE_STANDARD = "gnu++14";
				CLANG_CXX_LIBRARY = "libc++";
				CLANG_ENABLE_MODULES = YES;
				CLANG_ENABLE_OBJC_ARC = YES;
				CLANG_ENABLE_OBJC_WEAK = YES;
				CLANG_WARN_BLOCK_CAPTURE_AUTORELEASING = YES;
				CLANG_WARN_BOOL_CONVERSION = YES;
				CLANG_WARN_COMMA = YES;
				CLANG_WARN_CONSTANT_CONVERSION = YES;
				CLANG_WARN_DEPRECATED_OBJC_IMPLEMENTATIONS = YES;
				CLANG_WARN_DIRECT_OBJC_ISA_USAGE = YES_ERROR;
				CLANG_WARN_DOCUMENTATION_COMMENTS = YES;
				CLANG_WARN_EMPTY_BODY = YES;
				CLANG_WARN_ENUM_CONVERSION = YES;
				CLANG_WARN_INFINITE_RECURSION = YES;
				CLANG_WARN_INT_CONVERSION = YES;
				CLANG_WARN_NON_LITERAL_NULL_CONVERSION = YES;
				CLANG_WARN_OBJC_IMPLICIT_RETAIN_SELF = YES;
				CLANG_WARN_OBJC_LITERAL_CONVERSION = YES;
				CLANG_WARN_OBJC_ROOT_CLASS = YES_ERROR;
				CLANG_WARN_RANGE_LOOP_ANALYSIS = YES;
				CLANG_WARN_STRICT_PROTOTYPES = YES;
				CLANG_WARN_SUSPICIOUS_MOVE = YES;
				CLANG_WARN_UNGUARDED_AVAILABILITY = YES_AGGRESSIVE;
				CLANG_WARN_UNREACHABLE_CODE = YES;
				CLANG_WARN__DUPLICATE_METHOD_MATCH = YES;
				CODE_SIGN_IDENTITY = "iPhone Developer";
				COPY_PHASE_STRIP = NO;
				DEBUG_INFORMATION_FORMAT = dwarf;
				ENABLE_STRICT_OBJC_MSGSEND = YES;
				ENABLE_TESTABILITY = YES;
				GCC_C_LANGUAGE_STANDARD = gnu11;
				GCC_DYNAMIC_NO_PIC = NO;
				GCC_NO_COMMON_BLOCKS = YES;
				GCC_OPTIMIZATION_LEVEL = 0;
				GCC_PREPROCESSOR_DEFINITIONS = (
					"DEBUG=1",
					"$(inherited)",
				);
				GCC_WARN_64_TO_32_BIT_CONVERSION = YES;
				GCC_WARN_ABOUT_RETURN_TYPE = YES_ERROR;
				GCC_WARN_UNDECLARED_SELECTOR = YES;
				GCC_WARN_UNINITIALIZED_AUTOS = YES_AGGRESSIVE;
				GCC_WARN_UNUSED_FUNCTION = YES;
				GCC_WARN_UNUSED_VARIABLE = YES;
				IPHONEOS_DEPLOYMENT_TARGET = 12.2;
				MTL_ENABLE_DEBUG_INFO = INCLUDE_SOURCE;
				MTL_FAST_MATH = YES;
				ONLY_ACTIVE_ARCH = YES;
				SDKROOT = iphoneos;
				SWIFT_ACTIVE_COMPILATION_CONDITIONS = DEBUG;
				SWIFT_OPTIMIZATION_LEVEL = "-Onone";
			};
			name = Debug;
		};
		602DD367222F59CF002AD21A /* Release */ = {
			isa = XCBuildConfiguration;
			buildSettings = {
				ALWAYS_SEARCH_USER_PATHS = NO;
				CLANG_ANALYZER_NONNULL = YES;
				CLANG_ANALYZER_NUMBER_OBJECT_CONVERSION = YES_AGGRESSIVE;
				CLANG_CXX_LANGUAGE_STANDARD = "gnu++14";
				CLANG_CXX_LIBRARY = "libc++";
				CLANG_ENABLE_MODULES = YES;
				CLANG_ENABLE_OBJC_ARC = YES;
				CLANG_ENABLE_OBJC_WEAK = YES;
				CLANG_WARN_BLOCK_CAPTURE_AUTORELEASING = YES;
				CLANG_WARN_BOOL_CONVERSION = YES;
				CLANG_WARN_COMMA = YES;
				CLANG_WARN_CONSTANT_CONVERSION = YES;
				CLANG_WARN_DEPRECATED_OBJC_IMPLEMENTATIONS = YES;
				CLANG_WARN_DIRECT_OBJC_ISA_USAGE = YES_ERROR;
				CLANG_WARN_DOCUMENTATION_COMMENTS = YES;
				CLANG_WARN_EMPTY_BODY = YES;
				CLANG_WARN_ENUM_CONVERSION = YES;
				CLANG_WARN_INFINITE_RECURSION = YES;
				CLANG_WARN_INT_CONVERSION = YES;
				CLANG_WARN_NON_LITERAL_NULL_CONVERSION = YES;
				CLANG_WARN_OBJC_IMPLICIT_RETAIN_SELF = YES;
				CLANG_WARN_OBJC_LITERAL_CONVERSION = YES;
				CLANG_WARN_OBJC_ROOT_CLASS = YES_ERROR;
				CLANG_WARN_RANGE_LOOP_ANALYSIS = YES;
				CLANG_WARN_STRICT_PROTOTYPES = YES;
				CLANG_WARN_SUSPICIOUS_MOVE = YES;
				CLANG_WARN_UNGUARDED_AVAILABILITY = YES_AGGRESSIVE;
				CLANG_WARN_UNREACHABLE_CODE = YES;
				CLANG_WARN__DUPLICATE_METHOD_MATCH = YES;
				CODE_SIGN_IDENTITY = "iPhone Developer";
				COPY_PHASE_STRIP = NO;
				DEBUG_INFORMATION_FORMAT = "dwarf-with-dsym";
				ENABLE_NS_ASSERTIONS = NO;
				ENABLE_STRICT_OBJC_MSGSEND = YES;
				GCC_C_LANGUAGE_STANDARD = gnu11;
				GCC_NO_COMMON_BLOCKS = YES;
				GCC_WARN_64_TO_32_BIT_CONVERSION = YES;
				GCC_WARN_ABOUT_RETURN_TYPE = YES_ERROR;
				GCC_WARN_UNDECLARED_SELECTOR = YES;
				GCC_WARN_UNINITIALIZED_AUTOS = YES_AGGRESSIVE;
				GCC_WARN_UNUSED_FUNCTION = YES;
				GCC_WARN_UNUSED_VARIABLE = YES;
				IPHONEOS_DEPLOYMENT_TARGET = 12.2;
				MTL_ENABLE_DEBUG_INFO = NO;
				MTL_FAST_MATH = YES;
				SDKROOT = iphoneos;
				SWIFT_COMPILATION_MODE = wholemodule;
				SWIFT_OPTIMIZATION_LEVEL = "-O";
				VALIDATE_PRODUCT = YES;
			};
			name = Release;
		};
		602DD369222F59CF002AD21A /* Debug */ = {
			isa = XCBuildConfiguration;
			buildSettings = {
				ASSETCATALOG_COMPILER_APPICON_NAME = AppIcon;
				CODE_SIGN_STYLE = Automatic;
				DEVELOPMENT_TEAM = M7TP67K99T;
				INFOPLIST_FILE = df_app_HW1/Info.plist;
				LD_RUNPATH_SEARCH_PATHS = (
					"$(inherited)",
					"@executable_path/Frameworks",
				);
				PRODUCT_BUNDLE_IDENTIFIER = "df.df-app-HW1";
				PRODUCT_NAME = "$(TARGET_NAME)";
				SWIFT_VERSION = 5.0;
				TARGETED_DEVICE_FAMILY = "1,2";
			};
			name = Debug;
		};
		602DD36A222F59CF002AD21A /* Release */ = {
			isa = XCBuildConfiguration;
			buildSettings = {
				ASSETCATALOG_COMPILER_APPICON_NAME = AppIcon;
				CODE_SIGN_STYLE = Automatic;
				DEVELOPMENT_TEAM = M7TP67K99T;
				INFOPLIST_FILE = df_app_HW1/Info.plist;
				LD_RUNPATH_SEARCH_PATHS = (
					"$(inherited)",
					"@executable_path/Frameworks",
				);
				PRODUCT_BUNDLE_IDENTIFIER = "df.df-app-HW1";
				PRODUCT_NAME = "$(TARGET_NAME)";
				SWIFT_VERSION = 5.0;
				TARGETED_DEVICE_FAMILY = "1,2";
			};
			name = Release;
		};
		602DD36C222F59CF002AD21A /* Debug */ = {
			isa = XCBuildConfiguration;
			buildSettings = {
				ALWAYS_EMBED_SWIFT_STANDARD_LIBRARIES = YES;
				BUNDLE_LOADER = "$(TEST_HOST)";
				CODE_SIGN_STYLE = Automatic;
				DEVELOPMENT_TEAM = M7TP67K99T;
				INFOPLIST_FILE = df_app_HW1Tests/Info.plist;
				LD_RUNPATH_SEARCH_PATHS = (
					"$(inherited)",
					"@executable_path/Frameworks",
					"@loader_path/Frameworks",
				);
				PRODUCT_BUNDLE_IDENTIFIER = "df.df-app-HW1Tests";
				PRODUCT_NAME = "$(TARGET_NAME)";
				SWIFT_VERSION = 5.0;
				TARGETED_DEVICE_FAMILY = "1,2";
				TEST_HOST = "$(BUILT_PRODUCTS_DIR)/df_app_HW1.app/df_app_HW1";
			};
			name = Debug;
		};
		602DD36D222F59CF002AD21A /* Release */ = {
			isa = XCBuildConfiguration;
			buildSettings = {
				ALWAYS_EMBED_SWIFT_STANDARD_LIBRARIES = YES;
				BUNDLE_LOADER = "$(TEST_HOST)";
				CODE_SIGN_STYLE = Automatic;
				DEVELOPMENT_TEAM = M7TP67K99T;
				INFOPLIST_FILE = df_app_HW1Tests/Info.plist;
				LD_RUNPATH_SEARCH_PATHS = (
					"$(inherited)",
					"@executable_path/Frameworks",
					"@loader_path/Frameworks",
				);
				PRODUCT_BUNDLE_IDENTIFIER = "df.df-app-HW1Tests";
				PRODUCT_NAME = "$(TARGET_NAME)";
				SWIFT_VERSION = 5.0;
				TARGETED_DEVICE_FAMILY = "1,2";
				TEST_HOST = "$(BUILT_PRODUCTS_DIR)/df_app_HW1.app/df_app_HW1";
			};
			name = Release;
		};
		602DD36F222F59CF002AD21A /* Debug */ = {
			isa = XCBuildConfiguration;
			buildSettings = {
				ALWAYS_EMBED_SWIFT_STANDARD_LIBRARIES = YES;
				CODE_SIGN_STYLE = Automatic;
				DEVELOPMENT_TEAM = M7TP67K99T;
				INFOPLIST_FILE = df_app_HW1UITests/Info.plist;
				LD_RUNPATH_SEARCH_PATHS = (
					"$(inherited)",
					"@executable_path/Frameworks",
					"@loader_path/Frameworks",
				);
				PRODUCT_BUNDLE_IDENTIFIER = "df.df-app-HW1UITests";
				PRODUCT_NAME = "$(TARGET_NAME)";
				SWIFT_VERSION = 5.0;
				TARGETED_DEVICE_FAMILY = "1,2";
				TEST_TARGET_NAME = df_app_HW1;
			};
			name = Debug;
		};
		602DD370222F59CF002AD21A /* Release */ = {
			isa = XCBuildConfiguration;
			buildSettings = {
				ALWAYS_EMBED_SWIFT_STANDARD_LIBRARIES = YES;
				CODE_SIGN_STYLE = Automatic;
				DEVELOPMENT_TEAM = M7TP67K99T;
				INFOPLIST_FILE = df_app_HW1UITests/Info.plist;
				LD_RUNPATH_SEARCH_PATHS = (
					"$(inherited)",
					"@executable_path/Frameworks",
					"@loader_path/Frameworks",
				);
				PRODUCT_BUNDLE_IDENTIFIER = "df.df-app-HW1UITests";
				PRODUCT_NAME = "$(TARGET_NAME)";
				SWIFT_VERSION = 5.0;
				TARGETED_DEVICE_FAMILY = "1,2";
				TEST_TARGET_NAME = df_app_HW1;
			};
			name = Release;
		};
/* End XCBuildConfiguration section */

/* Begin XCConfigurationList section */
		602DD33B222F59CE002AD21A /* Build configuration list for PBXProject "df_app_HW1" */ = {
			isa = XCConfigurationList;
			buildConfigurations = (
				602DD366222F59CF002AD21A /* Debug */,
				602DD367222F59CF002AD21A /* Release */,
			);
			defaultConfigurationIsVisible = 0;
			defaultConfigurationName = Release;
		};
		602DD368222F59CF002AD21A /* Build configuration list for PBXNativeTarget "df_app_HW1" */ = {
			isa = XCConfigurationList;
			buildConfigurations = (
				602DD369222F59CF002AD21A /* Debug */,
				602DD36A222F59CF002AD21A /* Release */,
			);
			defaultConfigurationIsVisible = 0;
			defaultConfigurationName = Release;
		};
		602DD36B222F59CF002AD21A /* Build configuration list for PBXNativeTarget "df_app_HW1Tests" */ = {
			isa = XCConfigurationList;
			buildConfigurations = (
				602DD36C222F59CF002AD21A /* Debug */,
				602DD36D222F59CF002AD21A /* Release */,
			);
			defaultConfigurationIsVisible = 0;
			defaultConfigurationName = Release;
		};
		602DD36E222F59CF002AD21A /* Build configuration list for PBXNativeTarget "df_app_HW1UITests" */ = {
			isa = XCConfigurationList;
			buildConfigurations = (
				602DD36F222F59CF002AD21A /* Debug */,
				602DD370222F59CF002AD21A /* Release */,
			);
			defaultConfigurationIsVisible = 0;
			defaultConfigurationName = Release;
		};
/* End XCConfigurationList section */
	};
	rootObject = 602DD338222F59CE002AD21A /* Project object */;
}
